{
  "name": "@literal-io/bs-sentry",
  "version": "1.0.0",
  "lockfileVersion": 1,
  "requires": true,
  "dependencies": {
    "@sentry/browser": {
      "version": "5.24.2",
      "resolved": "https://registry.npmjs.org/@sentry/browser/-/browser-5.24.2.tgz",
      "integrity": "sha512-P/uZC/VrLRpU7MVEJnlZK5+AkEmuHu+mns5gC91Z4gjn7GamjR/CaXVedHGw/15ZrsQiAiwoWwuxpv4Ypd/+SA==",
      "dev": true,
      "requires": {
        "@sentry/core": "5.24.2",
        "@sentry/types": "5.24.2",
        "@sentry/utils": "5.24.2",
        "tslib": "^1.9.3"
      }
    },
    "@sentry/core": {
      "version": "5.24.2",
      "resolved": "https://registry.npmjs.org/@sentry/core/-/core-5.24.2.tgz",
      "integrity": "sha512-nuAwCGU1l9hgMinl5P/8nIQGRXDP2FI9cJnq5h1qiP/XIOvJkJz2yzBR6nTyqr4vBth0tvxQJbIpDNGd7vHJLg==",
      "dev": true,
      "requires": {
        "@sentry/hub": "5.24.2",
        "@sentry/minimal": "5.24.2",
        "@sentry/types": "5.24.2",
        "@sentry/utils": "5.24.2",
        "tslib": "^1.9.3"
      }
    },
    "@sentry/hub": {
      "version": "5.24.2",
      "resolved": "https://registry.npmjs.org/@sentry/hub/-/hub-5.24.2.tgz",
      "integrity": "sha512-xmO1Ivvpb5Qr9WgekinuZZlpl9Iw7iPETUe84HQOhUrXf+2gKO+LaUYMMsYSVDwXQEmR6/tTMyOtS6iavldC6w==",
      "dev": true,
      "requires": {
        "@sentry/types": "5.24.2",
        "@sentry/utils": "5.24.2",
        "tslib": "^1.9.3"
      }
    },
    "@sentry/minimal": {
      "version": "5.24.2",
      "resolved": "https://registry.npmjs.org/@sentry/minimal/-/minimal-5.24.2.tgz",
      "integrity": "sha512-biFpux5bI3R8xiD/Zzvrk1kRE6bqPtfWXmZYAHRtaUMCAibprTKSY9Ta8QYHynOAEoJ5Akedy6HUsEkK5DoZfA==",
      "dev": true,
      "requires": {
        "@sentry/hub": "5.24.2",
        "@sentry/types": "5.24.2",
        "tslib": "^1.9.3"
      }
    },
    "@sentry/types": {
      "version": "5.24.2",
      "resolved": "https://registry.npmjs.org/@sentry/types/-/types-5.24.2.tgz",
      "integrity": "sha512-HcOK00R0tQG5vzrIrqQ0jC28+z76jWSgQCzXiessJ5SH/9uc6NzdO7sR7K8vqMP2+nweCHckFohC8G0T1DLzuQ==",
      "dev": true
    },
    "@sentry/utils": {
      "version": "5.24.2",
      "resolved": "https://registry.npmjs.org/@sentry/utils/-/utils-5.24.2.tgz",
      "integrity": "sha512-oPGde4tNEDHKk0Cg9q2p0qX649jLDUOwzJXHKpd0X65w3A6eJByDevMr8CSzKV9sesjrUpxqAv6f9WWlz185tA==",
      "dev": true,
      "requires": {
        "@sentry/types": "5.24.2",
        "tslib": "^1.9.3"
      }
    },
    "bs-platform": {
      "version": "8.2.0",
      "resolved": "https://registry.npmjs.org/bs-platform/-/bs-platform-8.2.0.tgz",
      "integrity": "sha512-quvmUac/ZxGDsT7L5+6RNXrLPvLHkWFownacaqlwVoyAm770bPyupTRU49ALPGk3HpjfD5eE+lpGdOSPtuwJiA==",
      "dev": true
    },
    "tslib": {
      "version": "1.13.0",
      "resolved": "https://registry.npmjs.org/tslib/-/tslib-1.13.0.tgz",
      "integrity": "sha512-i/6DQjL8Xf3be4K/E6Wgpekn5Qasl1usyw++dAA35Ue5orEn65VIxOA+YvNNl9HV3qv70T7CNwjODHZrLwvd1Q==",
      "dev": true
    }
  }
}
