{
  "name": "@literal-io/bs-amplitude",
  "version": "1.0.0",
  "lockfileVersion": 2,
  "requires": true,
  "packages": {
    "": {
      "name": "@literal-io/bs-amplitude",
      "version": "1.0.0",
      "license": "MIT - Hippocratic 1.2",
      "dependencies": {
        "amplitude-js": "^7.2.2"
      },
      "devDependencies": {
        "bs-platform": "^8.4.2"
      },
      "peerDependencies": {
        "bs-platform": "^8.4.2"
      }
    },
    "node_modules/@amplitude/types": {
      "version": "1.10.2",
      "resolved": "https://registry.npmjs.org/@amplitude/types/-/types-1.10.2.tgz",
      "integrity": "sha512-I8qenRI7uU6wKNb9LiZrAosSHVoNHziXouKY81CrqxH9xhVTEIJFXeuCV0hbtBr0Al/8ejnGjQRx+S2SvU/pPg==",
      "engines": {
        "node": ">=10"
      }
    },
    "node_modules/@amplitude/ua-parser-js": {
      "version": "0.7.24",
      "resolved": "https://registry.npmjs.org/@amplitude/ua-parser-js/-/ua-parser-js-0.7.24.tgz",
      "integrity": "sha512-VbQuJymJ20WEw0HtI2np7EdC3NJGUWi8+Xdbc7uk8WfMIF308T0howpzkQ3JFMN7ejnrcSM/OyNGveeE3TP3TA==",
      "engines": {
        "node": "*"
      }
    },
    "node_modules/@amplitude/utils": {
      "version": "1.10.2",
      "resolved": "https://registry.npmjs.org/@amplitude/utils/-/utils-1.10.2.tgz",
      "integrity": "sha512-tVsHXu61jITEtRjB7NugQ5cVDd4QDzne8T3ifmZye7TiJeUfVRvqe44gDtf55A+7VqhDhyEIIXTA1iVcDGqlEw==",
      "dependencies": {
        "@amplitude/types": "^1.10.2",
        "tslib": "^2.0.0"
      },
      "engines": {
        "node": ">=10"
      }
    },
    "node_modules/amplitude-js": {
      "version": "7.4.4",
      "resolved": "https://registry.npmjs.org/amplitude-js/-/amplitude-js-7.4.4.tgz",
      "integrity": "sha512-3Ojj1draRcXvfxi5P+Ye/6Y4roxtf1lQEjczcLDnHU9vxbPtT4fDblC9+cdJy7XmlJkGoq+KvnItlWfLuHV9GQ==",
      "dependencies": {
        "@amplitude/ua-parser-js": "0.7.24",
        "@amplitude/utils": "^1.0.5",
        "blueimp-md5": "^2.10.0",
        "query-string": "5"
      }
    },
    "node_modules/blueimp-md5": {
      "version": "2.12.0",
      "resolved": "https://registry.npmjs.org/blueimp-md5/-/blueimp-md5-2.12.0.tgz",
      "integrity": "sha512-zo+HIdIhzojv6F1siQPqPFROyVy7C50KzHv/k/Iz+BtvtVzSHXiMXOpq2wCfNkeBqdCv+V8XOV96tsEt2W/3rQ=="
    },
    "node_modules/bs-platform": {
      "version": "8.4.2",
      "resolved": "https://registry.npmjs.org/bs-platform/-/bs-platform-8.4.2.tgz",
      "integrity": "sha512-9q7S4/LLV/a68CweN382NJdCCr/lOSsJR3oQYnmPK98ChfO/AdiA3lYQkQTp6T+U0I5Z5RypUAUprNstwDtMDQ==",
      "dev": true,
      "hasInstallScript": true,
      "bin": {
        "bsb": "bsb",
        "bsc": "bsc",
        "bsrefmt": "bsrefmt",
        "bstracing": "lib/bstracing"
      }
    },
    "node_modules/decode-uri-component": {
      "version": "0.2.2",
      "resolved": "https://registry.npmjs.org/decode-uri-component/-/decode-uri-component-0.2.2.tgz",
      "integrity": "sha512-FqUYQ+8o158GyGTrMFJms9qh3CqTKvAqgqsTnkLI8sKu0028orqBhxNMFkFen0zGyg6epACD32pjVk58ngIErQ==",
      "engines": {
        "node": ">=0.10"
      }
    },
    "node_modules/object-assign": {
      "version": "4.1.1",
      "resolved": "https://registry.npmjs.org/object-assign/-/object-assign-4.1.1.tgz",
      "integrity": "sha1-IQmtx5ZYh8/AXLvUQsrIv7s2CGM=",
      "engines": {
        "node": ">=0.10.0"
      }
    },
    "node_modules/query-string": {
      "version": "5.1.1",
      "resolved": "https://registry.npmjs.org/query-string/-/query-string-5.1.1.tgz",
      "integrity": "sha512-gjWOsm2SoGlgLEdAGt7a6slVOk9mGiXmPFMqrEhLQ68rhQuBnpfs3+EmlvqKyxnCo9/PPlF+9MtY02S1aFg+Jw==",
      "dependencies": {
        "decode-uri-component": "^0.2.0",
        "object-assign": "^4.1.0",
        "strict-uri-encode": "^1.0.0"
      },
      "engines": {
        "node": ">=0.10.0"
      }
    },
    "node_modules/strict-uri-encode": {
      "version": "1.1.0",
      "resolved": "https://registry.npmjs.org/strict-uri-encode/-/strict-uri-encode-1.1.0.tgz",
      "integrity": "sha1-J5siXfHVgrH1TmWt3UNS4Y+qBxM=",
      "engines": {
        "node": ">=0.10.0"
      }
    },
    "node_modules/tslib": {
      "version": "2.4.1",
      "resolved": "https://registry.npmjs.org/tslib/-/tslib-2.4.1.tgz",
      "integrity": "sha512-tGyy4dAjRIEwI7BzsB0lynWgOpfqjUdq91XXAlIWD2OwKBH7oCl/GZG/HT4BOHrTlPMOASlMQ7veyTqpmRcrNA=="
    }
  },
  "dependencies": {
    "@amplitude/types": {
      "version": "1.10.2",
      "resolved": "https://registry.npmjs.org/@amplitude/types/-/types-1.10.2.tgz",
      "integrity": "sha512-I8qenRI7uU6wKNb9LiZrAosSHVoNHziXouKY81CrqxH9xhVTEIJFXeuCV0hbtBr0Al/8ejnGjQRx+S2SvU/pPg=="
    },
    "@amplitude/ua-parser-js": {
      "version": "0.7.24",
      "resolved": "https://registry.npmjs.org/@amplitude/ua-parser-js/-/ua-parser-js-0.7.24.tgz",
      "integrity": "sha512-VbQuJymJ20WEw0HtI2np7EdC3NJGUWi8+Xdbc7uk8WfMIF308T0howpzkQ3JFMN7ejnrcSM/OyNGveeE3TP3TA=="
    },
    "@amplitude/utils": {
      "version": "1.10.2",
      "resolved": "https://registry.npmjs.org/@amplitude/utils/-/utils-1.10.2.tgz",
      "integrity": "sha512-tVsHXu61jITEtRjB7NugQ5cVDd4QDzne8T3ifmZye7TiJeUfVRvqe44gDtf55A+7VqhDhyEIIXTA1iVcDGqlEw==",
      "requires": {
        "@amplitude/types": "^1.10.2",
        "tslib": "^2.0.0"
      }
    },
    "amplitude-js": {
      "version": "7.4.4",
      "resolved": "https://registry.npmjs.org/amplitude-js/-/amplitude-js-7.4.4.tgz",
      "integrity": "sha512-3Ojj1draRcXvfxi5P+Ye/6Y4roxtf1lQEjczcLDnHU9vxbPtT4fDblC9+cdJy7XmlJkGoq+KvnItlWfLuHV9GQ==",
      "requires": {
        "@amplitude/ua-parser-js": "0.7.24",
        "@amplitude/utils": "^1.0.5",
        "blueimp-md5": "^2.10.0",
        "query-string": "5"
      }
    },
    "blueimp-md5": {
      "version": "2.12.0",
      "resolved": "https://registry.npmjs.org/blueimp-md5/-/blueimp-md5-2.12.0.tgz",
      "integrity": "sha512-zo+HIdIhzojv6F1siQPqPFROyVy7C50KzHv/k/Iz+BtvtVzSHXiMXOpq2wCfNkeBqdCv+V8XOV96tsEt2W/3rQ=="
    },
    "bs-platform": {
      "version": "8.4.2",
      "resolved": "https://registry.npmjs.org/bs-platform/-/bs-platform-8.4.2.tgz",
      "integrity": "sha512-9q7S4/LLV/a68CweN382NJdCCr/lOSsJR3oQYnmPK98ChfO/AdiA3lYQkQTp6T+U0I5Z5RypUAUprNstwDtMDQ==",
      "dev": true
    },
    "decode-uri-component": {
      "version": "0.2.2",
      "resolved": "https://registry.npmjs.org/decode-uri-component/-/decode-uri-component-0.2.2.tgz",
      "integrity": "sha512-FqUYQ+8o158GyGTrMFJms9qh3CqTKvAqgqsTnkLI8sKu0028orqBhxNMFkFen0zGyg6epACD32pjVk58ngIErQ=="
    },
    "object-assign": {
      "version": "4.1.1",
      "resolved": "https://registry.npmjs.org/object-assign/-/object-assign-4.1.1.tgz",
      "integrity": "sha1-IQmtx5ZYh8/AXLvUQsrIv7s2CGM="
    },
    "query-string": {
      "version": "5.1.1",
      "resolved": "https://registry.npmjs.org/query-string/-/query-string-5.1.1.tgz",
      "integrity": "sha512-gjWOsm2SoGlgLEdAGt7a6slVOk9mGiXmPFMqrEhLQ68rhQuBnpfs3+EmlvqKyxnCo9/PPlF+9MtY02S1aFg+Jw==",
      "requires": {
        "decode-uri-component": "^0.2.0",
        "object-assign": "^4.1.0",
        "strict-uri-encode": "^1.0.0"
      }
    },
    "strict-uri-encode": {
      "version": "1.1.0",
      "resolved": "https://registry.npmjs.org/strict-uri-encode/-/strict-uri-encode-1.1.0.tgz",
      "integrity": "sha1-J5siXfHVgrH1TmWt3UNS4Y+qBxM="
    },
    "tslib": {
      "version": "2.4.1",
      "resolved": "https://registry.npmjs.org/tslib/-/tslib-2.4.1.tgz",
      "integrity": "sha512-tGyy4dAjRIEwI7BzsB0lynWgOpfqjUdq91XXAlIWD2OwKBH7oCl/GZG/HT4BOHrTlPMOASlMQ7veyTqpmRcrNA=="
    }
  }
}
