{
	"name": "@literal-io/bs-amazon-cognito-identity-js",
	"version": "1.0.0",
	"lockfileVersion": 2,
	"requires": true,
	"packages": {
		"": {
			"name": "@literal-io/bs-amazon-cognito-identity-js",
			"version": "1.0.0",
			"license": "ISC",
			"devDependencies": {
				"bs-platform": "^8.3.1"
			}
		},
		"node_modules/bs-platform": {
			"version": "8.3.1",
			"resolved": "https://registry.npmjs.org/bs-platform/-/bs-platform-8.3.1.tgz",
			"integrity": "sha512-U7nKEGF1BfvODzcv1g2loeltE8YRCgX8mMlCojImsgI0HwfQKEq7ggO5dF1ae9ZfFxiLaI0069ZyoK5GLBO2OQ==",
			"dev": true,
			"hasInstallScript": true,
			"bin": {
				"bsb": "bsb",
				"bsc": "bsc",
				"bsrefmt": "bsrefmt",
				"bstracing": "lib/bstracing"
			}
		}
	},
	"dependencies": {
		"bs-platform": {
			"version": "8.3.1",
			"resolved": "https://registry.npmjs.org/bs-platform/-/bs-platform-8.3.1.tgz",
			"integrity": "sha512-U7nKEGF1BfvODzcv1g2loeltE8YRCgX8mMlCojImsgI0HwfQKEq7ggO5dF1ae9ZfFxiLaI0069ZyoK5GLBO2OQ==",
			"dev": true
		}
	}
}
